
Microsoft Visual Studio Solution File, Format Version 12.00
# Visual Studio Version 17
VisualStudioVersion = 17.14.36310.24 d17.14
MinimumVisualStudioVersion = 10.0.40219.1
Project("{FAE04EC0-301F-11D3-BF4B-00C04F79EFBC}") = "Kolokwium-grupa-c", "Kolokwium-grupa-c\Kolokwium-grupa-c.csproj", "{04C0A962-5BBE-4CD6-8877-60E1C8741AC0}"
EndProject
Global
	GlobalSection(SolutionConfigurationPlatforms) = preSolution
		Debug|Any CPU = Debug|Any CPU
		Release|Any CPU = Release|Any CPU
	EndGlobalSection
	GlobalSection(ProjectConfigurationPlatforms) = postSolution
		{04C0A962-5BBE-4CD6-8877-60E1C8741AC0}.Debug|Any CPU.ActiveCfg = Debug|Any CPU
		{04C0A962-5BBE-4CD6-8877-60E1C8741AC0}.Debug|Any CPU.Build.0 = Debug|Any CPU
		{04C0A962-5BBE-4CD6-8877-60E1C8741AC0}.Release|Any CPU.ActiveCfg = Release|Any CPU
		{04C0A962-5BBE-4CD6-8877-60E1C8741AC0}.Release|Any CPU.Build.0 = Release|Any CPU
	EndGlobalSection
	GlobalSection(SolutionProperties) = preSolution
		HideSolutionNode = FALSE
	EndGlobalSection
	GlobalSection(ExtensibilityGlobals) = postSolution
		SolutionGuid = {85BA3F6C-6178-43EA-9665-1BBDAF0F29AF}
	EndGlobalSection
EndGlobal
