
Microsoft Visual Studio Solution File, Format Version 12.00
# Visual Studio Version 17
VisualStudioVersion = 17.14.36623.8
MinimumVisualStudioVersion = 10.0.40219.1
Project("{FAE04EC0-301F-11D3-BF4B-00C04F79EFBC}") = "Dnd-BBB", "Dnd-BBB\Dnd-BBB.csproj", "{A7D2F5D5-329F-4336-82D5-37C8A7201EB7}"
EndProject
Project("{FAE04EC0-301F-11D3-BF4B-00C04F79EFBC}") = "DndGUI", "DndGUI\DndGUI.csproj", "{C1CAB851-396C-446E-82D2-04D634738738}"
	ProjectSection(ProjectDependencies) = postProject
		{A7D2F5D5-329F-4336-82D5-37C8A7201EB7} = {A7D2F5D5-329F-4336-82D5-37C8A7201EB7}
	EndProjectSection
EndProject
Project("{FAE04EC0-301F-11D3-BF4B-00C04F79EFBC}") = "TestParty", "TestParty\TestParty.csproj", "{E4CD216B-DF53-4E21-B85D-878F8C6551DC}"
EndProject
Global
	GlobalSection(SolutionConfigurationPlatforms) = preSolution
		Debug|Any CPU = Debug|Any CPU
		Release|Any CPU = Release|Any CPU
	EndGlobalSection
	GlobalSection(ProjectConfigurationPlatforms) = postSolution
		{A7D2F5D5-329F-4336-82D5-37C8A7201EB7}.Debug|Any CPU.ActiveCfg = Debug|Any CPU
		{A7D2F5D5-329F-4336-82D5-37C8A7201EB7}.Debug|Any CPU.Build.0 = Debug|Any CPU
		{A7D2F5D5-329F-4336-82D5-37C8A7201EB7}.Release|Any CPU.ActiveCfg = Release|Any CPU
		{A7D2F5D5-329F-4336-82D5-37C8A7201EB7}.Release|Any CPU.Build.0 = Release|Any CPU
		{C1CAB851-396C-446E-82D2-04D634738738}.Debug|Any CPU.ActiveCfg = Debug|Any CPU
		{C1CAB851-396C-446E-82D2-04D634738738}.Debug|Any CPU.Build.0 = Debug|Any CPU
		{C1CAB851-396C-446E-82D2-04D634738738}.Release|Any CPU.ActiveCfg = Release|Any CPU
		{C1CAB851-396C-446E-82D2-04D634738738}.Release|Any CPU.Build.0 = Release|Any CPU
		{E4CD216B-DF53-4E21-B85D-878F8C6551DC}.Debug|Any CPU.ActiveCfg = Debug|Any CPU
		{E4CD216B-DF53-4E21-B85D-878F8C6551DC}.Debug|Any CPU.Build.0 = Debug|Any CPU
		{E4CD216B-DF53-4E21-B85D-878F8C6551DC}.Release|Any CPU.ActiveCfg = Release|Any CPU
		{E4CD216B-DF53-4E21-B85D-878F8C6551DC}.Release|Any CPU.Build.0 = Release|Any CPU
	EndGlobalSection
	GlobalSection(SolutionProperties) = preSolution
		HideSolutionNode = FALSE
	EndGlobalSection
	GlobalSection(ExtensibilityGlobals) = postSolution
		SolutionGuid = {87BFDC3A-9C6D-486A-A56D-6745321686D2}
	EndGlobalSection
EndGlobal
