
Microsoft Visual Studio Solution File, Format Version 12.00
# Visual Studio Version 17
VisualStudioVersion = 17.14.36623.8
MinimumVisualStudioVersion = 10.0.40219.1
Project("{FAE04EC0-301F-11D3-BF4B-00C04F79EFBC}") = "EgzaminPróbny", "EgzaminPróbny\EgzaminPróbny.csproj", "{67BB31A1-D279-4F0E-9DB5-C2C091E1A3A7}"
EndProject
Project("{FAE04EC0-301F-11D3-BF4B-00C04F79EFBC}") = "BoardGameMenager.Core", "BoardGameMenager.Core\BoardGameMenager.Core.csproj", "{47F2F12C-D3AB-4673-B778-F6BB00D428CE}"
EndProject
Project("{FAE04EC0-301F-11D3-BF4B-00C04F79EFBC}") = "TestProject", "TestProject\TestProject.csproj", "{1780F7A8-92B6-4F2B-8029-852D036EF86D}"
EndProject
Global
	GlobalSection(SolutionConfigurationPlatforms) = preSolution
		Debug|Any CPU = Debug|Any CPU
		Release|Any CPU = Release|Any CPU
	EndGlobalSection
	GlobalSection(ProjectConfigurationPlatforms) = postSolution
		{67BB31A1-D279-4F0E-9DB5-C2C091E1A3A7}.Debug|Any CPU.ActiveCfg = Debug|Any CPU
		{67BB31A1-D279-4F0E-9DB5-C2C091E1A3A7}.Debug|Any CPU.Build.0 = Debug|Any CPU
		{67BB31A1-D279-4F0E-9DB5-C2C091E1A3A7}.Release|Any CPU.ActiveCfg = Release|Any CPU
		{67BB31A1-D279-4F0E-9DB5-C2C091E1A3A7}.Release|Any CPU.Build.0 = Release|Any CPU
		{47F2F12C-D3AB-4673-B778-F6BB00D428CE}.Debug|Any CPU.ActiveCfg = Debug|Any CPU
		{47F2F12C-D3AB-4673-B778-F6BB00D428CE}.Debug|Any CPU.Build.0 = Debug|Any CPU
		{47F2F12C-D3AB-4673-B778-F6BB00D428CE}.Release|Any CPU.ActiveCfg = Release|Any CPU
		{47F2F12C-D3AB-4673-B778-F6BB00D428CE}.Release|Any CPU.Build.0 = Release|Any CPU
		{1780F7A8-92B6-4F2B-8029-852D036EF86D}.Debug|Any CPU.ActiveCfg = Debug|Any CPU
		{1780F7A8-92B6-4F2B-8029-852D036EF86D}.Debug|Any CPU.Build.0 = Debug|Any CPU
		{1780F7A8-92B6-4F2B-8029-852D036EF86D}.Release|Any CPU.ActiveCfg = Release|Any CPU
		{1780F7A8-92B6-4F2B-8029-852D036EF86D}.Release|Any CPU.Build.0 = Release|Any CPU
	EndGlobalSection
	GlobalSection(SolutionProperties) = preSolution
		HideSolutionNode = FALSE
	EndGlobalSection
	GlobalSection(ExtensibilityGlobals) = postSolution
		SolutionGuid = {6FC07E35-F6E6-45A9-AF04-7EDA2E706FCC}
	EndGlobalSection
EndGlobal
