
Microsoft Visual Studio Solution File, Format Version 12.00
# Visual Studio Version 17
VisualStudioVersion = 17.14.36623.8
MinimumVisualStudioVersion = 10.0.40219.1
Project("{FAE04EC0-301F-11D3-BF4B-00C04F79EFBC}") = "examE", "examE\examE.csproj", "{F70C264E-9C16-4B06-A3C9-41997C1F2D90}"
EndProject
Project("{FAE04EC0-301F-11D3-BF4B-00C04F79EFBC}") = "StudentGUI", "StudentGUI\StudentGUI.csproj", "{54DC73B6-0F6D-433F-8A01-A2452261D791}"
EndProject
Global
	GlobalSection(SolutionConfigurationPlatforms) = preSolution
		Debug|Any CPU = Debug|Any CPU
		Release|Any CPU = Release|Any CPU
	EndGlobalSection
	GlobalSection(ProjectConfigurationPlatforms) = postSolution
		{F70C264E-9C16-4B06-A3C9-41997C1F2D90}.Debug|Any CPU.ActiveCfg = Debug|Any CPU
		{F70C264E-9C16-4B06-A3C9-41997C1F2D90}.Debug|Any CPU.Build.0 = Debug|Any CPU
		{F70C264E-9C16-4B06-A3C9-41997C1F2D90}.Release|Any CPU.ActiveCfg = Release|Any CPU
		{F70C264E-9C16-4B06-A3C9-41997C1F2D90}.Release|Any CPU.Build.0 = Release|Any CPU
		{54DC73B6-0F6D-433F-8A01-A2452261D791}.Debug|Any CPU.ActiveCfg = Debug|Any CPU
		{54DC73B6-0F6D-433F-8A01-A2452261D791}.Debug|Any CPU.Build.0 = Debug|Any CPU
		{54DC73B6-0F6D-433F-8A01-A2452261D791}.Release|Any CPU.ActiveCfg = Release|Any CPU
		{54DC73B6-0F6D-433F-8A01-A2452261D791}.Release|Any CPU.Build.0 = Release|Any CPU
	EndGlobalSection
	GlobalSection(SolutionProperties) = preSolution
		HideSolutionNode = FALSE
	EndGlobalSection
	GlobalSection(ExtensibilityGlobals) = postSolution
		SolutionGuid = {7BCC6929-4338-4100-A554-12ED5FBD79AB}
	EndGlobalSection
EndGlobal
